
Microsoft Visual Studio Solution File, Format Version 12.00
# Visual Studio Version 17
VisualStudioVersion = 17.1.32328.378
MinimumVisualStudioVersion = 10.0.40219.1
Project("{FAE04EC0-301F-11D3-BF4B-00C04F79EFBC}") = "ZhuZhuYunAPI", "ZhuZhuYunAPI\ZhuZhuYunAPI.csproj", "{19D96A7E-0565-4865-B888-C63D3D34C4BD}"
EndProject
Global
	GlobalSection(SolutionConfigurationPlatforms) = preSolution
		Debug|Any CPU = Debug|Any CPU
		Release|Any CPU = Release|Any CPU
	EndGlobalSection
	GlobalSection(ProjectConfigurationPlatforms) = postSolution
		{19D96A7E-0565-4865-B888-C63D3D34C4BD}.Debug|Any CPU.ActiveCfg = Debug|Any CPU
		{19D96A7E-0565-4865-B888-C63D3D34C4BD}.Debug|Any CPU.Build.0 = Debug|Any CPU
		{19D96A7E-0565-4865-B888-C63D3D34C4BD}.Release|Any CPU.ActiveCfg = Release|Any CPU
		{19D96A7E-0565-4865-B888-C63D3D34C4BD}.Release|Any CPU.Build.0 = Release|Any CPU
	EndGlobalSection
	GlobalSection(SolutionProperties) = preSolution
		HideSolutionNode = FALSE
	EndGlobalSection
	GlobalSection(ExtensibilityGlobals) = postSolution
		SolutionGuid = {FD044DCA-3C77-4AEA-8299-7651B4DA42F7}
	EndGlobalSection
EndGlobal
